
Microsoft Visual Studio Solution File, Format Version 12.00
# Visual Studio Version 17
VisualStudioVersion = 17.2.32616.157
MinimumVisualStudioVersion = 10.0.40219.1
Project("{FAE04EC0-301F-11D3-BF4B-00C04F79EFBC}") = "C-Lessons", "newProject\C-Lessons.csproj", "{D3157E2F-7F75-48CE-A71B-C08901DEDA56}"
EndProject
Project("{FAE04EC0-301F-11D3-BF4B-00C04F79EFBC}") = "Metotlar", "Metotlar\Metotlar.csproj", "{5325AC95-C428-44D5-8258-794BFE7AFB91}"
EndProject
Project("{FAE04EC0-301F-11D3-BF4B-00C04F79EFBC}") = "Siniflar", "Siniflar\Siniflar.csproj", "{08FD67CC-90D6-4EB6-9687-02C98CFA2BDF}"
EndProject
Project("{FAE04EC0-301F-11D3-BF4B-00C04F79EFBC}") = "KutuphaneProjesi", "KutuphaneProjesi\KutuphaneProjesi.csproj", "{6327CCF3-DA42-422E-ABDC-C0F2CEDEB168}"
EndProject
Project("{FAE04EC0-301F-11D3-BF4B-00C04F79EFBC}") = "Tekrar29.09", "Tekrar29.09\Tekrar29.09.csproj", "{095F244E-1D18-4D3E-AB5C-F6C3651DD91E}"
EndProject
Project("{FAE04EC0-301F-11D3-BF4B-00C04F79EFBC}") = "SigortaProjesi", "SigortaProjesi\SigortaProjesi.csproj", "{06D76233-B6DD-477C-9434-42B427932D0F}"
EndProject
Project("{FAE04EC0-301F-11D3-BF4B-00C04F79EFBC}") = "SınıfNumarasıArrayOrnek", "SınıfNumarasıArrayOrnek\SınıfNumarasıArrayOrnek.csproj", "{D6D38E51-FFB2-49FD-9DAD-336C45583AD0}"
EndProject
Project("{FAE04EC0-301F-11D3-BF4B-00C04F79EFBC}") = "Interfaces", "Interfaces\Interfaces.csproj", "{656A946F-9095-4C6A-96B0-A9E1C3CA8E43}"
EndProject
Project("{FAE04EC0-301F-11D3-BF4B-00C04F79EFBC}") = "InterFC", "InterFC\InterFC.csproj", "{FBFF67B5-27A8-43FD-9F73-65F0F6BCE225}"
EndProject
Project("{FAE04EC0-301F-11D3-BF4B-00C04F79EFBC}") = "Kalıtım", "Kalıtım\Kalıtım.csproj", "{642169E3-BBD4-4F89-BBBB-C38C99C6F169}"
EndProject
Project("{FAE04EC0-301F-11D3-BF4B-00C04F79EFBC}") = "Soru1", "Soru1\Soru1.csproj", "{30930E8C-CA44-4A4B-9D7E-7DA37B2E22E4}"
EndProject
Project("{FAE04EC0-301F-11D3-BF4B-00C04F79EFBC}") = "Soru1.2", "Soru1.2\Soru1.2.csproj", "{D96203C1-56BD-4DDF-8FB4-4C571D99F655}"
EndProject
Project("{FAE04EC0-301F-11D3-BF4B-00C04F79EFBC}") = "Soru1.3", "Soru1.3\Soru1.3.csproj", "{3DDAA814-F528-44F9-87BE-148A5C458F40}"
EndProject
Project("{FAE04EC0-301F-11D3-BF4B-00C04F79EFBC}") = "3_10_22", "3_10_22\3_10_22.csproj", "{5FC5AAA3-9DF9-4FBC-98FC-446084370673}"
EndProject
Project("{FAE04EC0-301F-11D3-BF4B-00C04F79EFBC}") = "3_10_22_Soru2", "3_10_22_Soru2\3_10_22_Soru2.csproj", "{6863644C-1DB5-4002-A923-50B296BAD9DA}"
EndProject
Project("{FAE04EC0-301F-11D3-BF4B-00C04F79EFBC}") = "3_10_22_Soru3", "3_10_22_Soru3\3_10_22_Soru3.csproj", "{620F4CF6-39CB-4C17-A61D-DEEB8E8D074E}"
EndProject
Project("{FAE04EC0-301F-11D3-BF4B-00C04F79EFBC}") = "3_10_22_IndexOf", "3_10_22_IndexOf\3_10_22_IndexOf.csproj", "{3067D168-AD59-4BD3-8BF2-0848283DEFA1}"
EndProject
Project("{FAE04EC0-301F-11D3-BF4B-00C04F79EFBC}") = "4_10_2022_Soru1", "4_10_2022\4_10_2022_Soru1.csproj", "{B7D7637B-61D9-4209-BDDF-7CD9C8ACC5AA}"
EndProject
Project("{FAE04EC0-301F-11D3-BF4B-00C04F79EFBC}") = "4_10_22_Soru1", "4_10_22_Soru1\4_10_22_Soru1.csproj", "{D48869C6-0627-408E-9B16-E2F5BDBE012C}"
EndProject
Project("{FAE04EC0-301F-11D3-BF4B-00C04F79EFBC}") = "4_10_2022_Soru2", "4_10_2022_Soru2\4_10_2022_Soru2.csproj", "{FC30382B-AFCD-4D3A-A7E3-1C0E86353DCE}"
EndProject
Project("{FAE04EC0-301F-11D3-BF4B-00C04F79EFBC}") = "4_10_22_soru3", "4_10_22_soru3\4_10_22_soru3.csproj", "{F98874A0-5102-4FE7-9C73-7247CE19EC48}"
EndProject
Project("{FAE04EC0-301F-11D3-BF4B-00C04F79EFBC}") = "4_10_22_Soru4", "4.10.22_Soru4\4_10_22_Soru4.csproj", "{CDC05583-AD50-472E-80BB-DE1A5971AC17}"
EndProject
Project("{FAE04EC0-301F-11D3-BF4B-00C04F79EFBC}") = "5_10_22_Soru1", "5_10_22_Soru1\5_10_22_Soru1.csproj", "{4AE85D5D-CF5A-486C-8146-11B4C09F45D0}"
EndProject
Project("{FAE04EC0-301F-11D3-BF4B-00C04F79EFBC}") = "5_10_22_Soru2", "5_10_22_Soru2\5_10_22_Soru2.csproj", "{6C056730-3E80-4BE6-B356-CC8BE1AD957A}"
EndProject
Project("{FAE04EC0-301F-11D3-BF4B-00C04F79EFBC}") = "5_10_22_Soru3", "5_10_22_Soru3\5_10_22_Soru3.csproj", "{40A4DF04-2269-470F-A3C6-445AEEB480C4}"
EndProject
Project("{FAE04EC0-301F-11D3-BF4B-00C04F79EFBC}") = "5_10_22_Soru4", "5_10_22_Soru4\5_10_22_Soru4.csproj", "{1EAAC3CF-48CE-409B-8956-78262E9D43A6}"
EndProject
Project("{FAE04EC0-301F-11D3-BF4B-00C04F79EFBC}") = "5_10_22_ErisimTipleri", "5_10_22_ErisimTipleri\5_10_22_ErisimTipleri.csproj", "{49E99B7E-853C-4588-913A-F8D38E68E110}"
EndProject
Project("{FAE04EC0-301F-11D3-BF4B-00C04F79EFBC}") = "6_10_22_Baslangic", "6_10_22_Baslangic\6_10_22_Baslangic.csproj", "{91A379B0-845C-4225-8B29-092EF2971187}"
EndProject
Project("{FAE04EC0-301F-11D3-BF4B-00C04F79EFBC}") = "6_10_22_Soru2", "6_10_22_Soru2\6_10_22_Soru2.csproj", "{A4712F4C-E0F8-435C-979E-D1AD27485753}"
EndProject
Project("{FAE04EC0-301F-11D3-BF4B-00C04F79EFBC}") = "6_10_22_KelimeBul", "6_10_22_KelimeBul\6_10_22_KelimeBul.csproj", "{8E93123A-7C23-4512-9F07-33FB78814630}"
EndProject
Project("{FAE04EC0-301F-11D3-BF4B-00C04F79EFBC}") = "6_10_22_EnUzunKelime", "6_10_22_EnUzunKelima\6_10_22_EnUzunKelime.csproj", "{2E3230A7-46CF-4589-80B5-5586A76FADBB}"
EndProject
Project("{FAE04EC0-301F-11D3-BF4B-00C04F79EFBC}") = "6_10_22_EnKisaKelime", "6_10_22_EnKisaKelime\6_10_22_EnKisaKelime.csproj", "{3E22A128-264D-4E93-A04B-2A12E4227F1E}"
EndProject
Project("{FAE04EC0-301F-11D3-BF4B-00C04F79EFBC}") = "6_10_22_windowsFormBaslangic", "6_10_22_windowsFormBaslangic\6_10_22_windowsFormBaslangic.csproj", "{52B5D6F9-6128-43E2-B124-50533C621AD8}"
EndProject
Project("{FAE04EC0-301F-11D3-BF4B-00C04F79EFBC}") = "6_10_22_WF_Ornek", "6_10_22_WF_Ornek\6_10_22_WF_Ornek.csproj", "{18E369DA-AF9F-4317-ABEE-7E8438C338FE}"
EndProject
Global
	GlobalSection(SolutionConfigurationPlatforms) = preSolution
		Debug|Any CPU = Debug|Any CPU
		Release|Any CPU = Release|Any CPU
	EndGlobalSection
	GlobalSection(ProjectConfigurationPlatforms) = postSolution
		{D3157E2F-7F75-48CE-A71B-C08901DEDA56}.Debug|Any CPU.ActiveCfg = Debug|Any CPU
		{D3157E2F-7F75-48CE-A71B-C08901DEDA56}.Debug|Any CPU.Build.0 = Debug|Any CPU
		{D3157E2F-7F75-48CE-A71B-C08901DEDA56}.Release|Any CPU.ActiveCfg = Release|Any CPU
		{D3157E2F-7F75-48CE-A71B-C08901DEDA56}.Release|Any CPU.Build.0 = Release|Any CPU
		{5325AC95-C428-44D5-8258-794BFE7AFB91}.Debug|Any CPU.ActiveCfg = Debug|Any CPU
		{5325AC95-C428-44D5-8258-794BFE7AFB91}.Debug|Any CPU.Build.0 = Debug|Any CPU
		{5325AC95-C428-44D5-8258-794BFE7AFB91}.Release|Any CPU.ActiveCfg = Release|Any CPU
		{5325AC95-C428-44D5-8258-794BFE7AFB91}.Release|Any CPU.Build.0 = Release|Any CPU
		{08FD67CC-90D6-4EB6-9687-02C98CFA2BDF}.Debug|Any CPU.ActiveCfg = Debug|Any CPU
		{08FD67CC-90D6-4EB6-9687-02C98CFA2BDF}.Debug|Any CPU.Build.0 = Debug|Any CPU
		{08FD67CC-90D6-4EB6-9687-02C98CFA2BDF}.Release|Any CPU.ActiveCfg = Release|Any CPU
		{08FD67CC-90D6-4EB6-9687-02C98CFA2BDF}.Release|Any CPU.Build.0 = Release|Any CPU
		{6327CCF3-DA42-422E-ABDC-C0F2CEDEB168}.Debug|Any CPU.ActiveCfg = Debug|Any CPU
		{6327CCF3-DA42-422E-ABDC-C0F2CEDEB168}.Debug|Any CPU.Build.0 = Debug|Any CPU
		{6327CCF3-DA42-422E-ABDC-C0F2CEDEB168}.Release|Any CPU.ActiveCfg = Release|Any CPU
		{6327CCF3-DA42-422E-ABDC-C0F2CEDEB168}.Release|Any CPU.Build.0 = Release|Any CPU
		{095F244E-1D18-4D3E-AB5C-F6C3651DD91E}.Debug|Any CPU.ActiveCfg = Debug|Any CPU
		{095F244E-1D18-4D3E-AB5C-F6C3651DD91E}.Debug|Any CPU.Build.0 = Debug|Any CPU
		{095F244E-1D18-4D3E-AB5C-F6C3651DD91E}.Release|Any CPU.ActiveCfg = Release|Any CPU
		{095F244E-1D18-4D3E-AB5C-F6C3651DD91E}.Release|Any CPU.Build.0 = Release|Any CPU
		{06D76233-B6DD-477C-9434-42B427932D0F}.Debug|Any CPU.ActiveCfg = Debug|Any CPU
		{06D76233-B6DD-477C-9434-42B427932D0F}.Debug|Any CPU.Build.0 = Debug|Any CPU
		{06D76233-B6DD-477C-9434-42B427932D0F}.Release|Any CPU.ActiveCfg = Release|Any CPU
		{06D76233-B6DD-477C-9434-42B427932D0F}.Release|Any CPU.Build.0 = Release|Any CPU
		{D6D38E51-FFB2-49FD-9DAD-336C45583AD0}.Debug|Any CPU.ActiveCfg = Debug|Any CPU
		{D6D38E51-FFB2-49FD-9DAD-336C45583AD0}.Debug|Any CPU.Build.0 = Debug|Any CPU
		{D6D38E51-FFB2-49FD-9DAD-336C45583AD0}.Release|Any CPU.ActiveCfg = Release|Any CPU
		{D6D38E51-FFB2-49FD-9DAD-336C45583AD0}.Release|Any CPU.Build.0 = Release|Any CPU
		{656A946F-9095-4C6A-96B0-A9E1C3CA8E43}.Debug|Any CPU.ActiveCfg = Debug|Any CPU
		{656A946F-9095-4C6A-96B0-A9E1C3CA8E43}.Debug|Any CPU.Build.0 = Debug|Any CPU
		{656A946F-9095-4C6A-96B0-A9E1C3CA8E43}.Release|Any CPU.ActiveCfg = Release|Any CPU
		{656A946F-9095-4C6A-96B0-A9E1C3CA8E43}.Release|Any CPU.Build.0 = Release|Any CPU
		{FBFF67B5-27A8-43FD-9F73-65F0F6BCE225}.Debug|Any CPU.ActiveCfg = Debug|Any CPU
		{FBFF67B5-27A8-43FD-9F73-65F0F6BCE225}.Debug|Any CPU.Build.0 = Debug|Any CPU
		{FBFF67B5-27A8-43FD-9F73-65F0F6BCE225}.Release|Any CPU.ActiveCfg = Release|Any CPU
		{FBFF67B5-27A8-43FD-9F73-65F0F6BCE225}.Release|Any CPU.Build.0 = Release|Any CPU
		{642169E3-BBD4-4F89-BBBB-C38C99C6F169}.Debug|Any CPU.ActiveCfg = Debug|Any CPU
		{642169E3-BBD4-4F89-BBBB-C38C99C6F169}.Debug|Any CPU.Build.0 = Debug|Any CPU
		{642169E3-BBD4-4F89-BBBB-C38C99C6F169}.Release|Any CPU.ActiveCfg = Release|Any CPU
		{642169E3-BBD4-4F89-BBBB-C38C99C6F169}.Release|Any CPU.Build.0 = Release|Any CPU
		{30930E8C-CA44-4A4B-9D7E-7DA37B2E22E4}.Debug|Any CPU.ActiveCfg = Debug|Any CPU
		{30930E8C-CA44-4A4B-9D7E-7DA37B2E22E4}.Debug|Any CPU.Build.0 = Debug|Any CPU
		{30930E8C-CA44-4A4B-9D7E-7DA37B2E22E4}.Release|Any CPU.ActiveCfg = Release|Any CPU
		{30930E8C-CA44-4A4B-9D7E-7DA37B2E22E4}.Release|Any CPU.Build.0 = Release|Any CPU
		{D96203C1-56BD-4DDF-8FB4-4C571D99F655}.Debug|Any CPU.ActiveCfg = Debug|Any CPU
		{D96203C1-56BD-4DDF-8FB4-4C571D99F655}.Debug|Any CPU.Build.0 = Debug|Any CPU
		{D96203C1-56BD-4DDF-8FB4-4C571D99F655}.Release|Any CPU.ActiveCfg = Release|Any CPU
		{D96203C1-56BD-4DDF-8FB4-4C571D99F655}.Release|Any CPU.Build.0 = Release|Any CPU
		{3DDAA814-F528-44F9-87BE-148A5C458F40}.Debug|Any CPU.ActiveCfg = Debug|Any CPU
		{3DDAA814-F528-44F9-87BE-148A5C458F40}.Debug|Any CPU.Build.0 = Debug|Any CPU
		{3DDAA814-F528-44F9-87BE-148A5C458F40}.Release|Any CPU.ActiveCfg = Release|Any CPU
		{3DDAA814-F528-44F9-87BE-148A5C458F40}.Release|Any CPU.Build.0 = Release|Any CPU
		{5FC5AAA3-9DF9-4FBC-98FC-446084370673}.Debug|Any CPU.ActiveCfg = Debug|Any CPU
		{5FC5AAA3-9DF9-4FBC-98FC-446084370673}.Debug|Any CPU.Build.0 = Debug|Any CPU
		{5FC5AAA3-9DF9-4FBC-98FC-446084370673}.Release|Any CPU.ActiveCfg = Release|Any CPU
		{5FC5AAA3-9DF9-4FBC-98FC-446084370673}.Release|Any CPU.Build.0 = Release|Any CPU
		{6863644C-1DB5-4002-A923-50B296BAD9DA}.Debug|Any CPU.ActiveCfg = Debug|Any CPU
		{6863644C-1DB5-4002-A923-50B296BAD9DA}.Debug|Any CPU.Build.0 = Debug|Any CPU
		{6863644C-1DB5-4002-A923-50B296BAD9DA}.Release|Any CPU.ActiveCfg = Release|Any CPU
		{6863644C-1DB5-4002-A923-50B296BAD9DA}.Release|Any CPU.Build.0 = Release|Any CPU
		{620F4CF6-39CB-4C17-A61D-DEEB8E8D074E}.Debug|Any CPU.ActiveCfg = Debug|Any CPU
		{620F4CF6-39CB-4C17-A61D-DEEB8E8D074E}.Debug|Any CPU.Build.0 = Debug|Any CPU
		{620F4CF6-39CB-4C17-A61D-DEEB8E8D074E}.Release|Any CPU.ActiveCfg = Release|Any CPU
		{620F4CF6-39CB-4C17-A61D-DEEB8E8D074E}.Release|Any CPU.Build.0 = Release|Any CPU
		{3067D168-AD59-4BD3-8BF2-0848283DEFA1}.Debug|Any CPU.ActiveCfg = Debug|Any CPU
		{3067D168-AD59-4BD3-8BF2-0848283DEFA1}.Debug|Any CPU.Build.0 = Debug|Any CPU
		{3067D168-AD59-4BD3-8BF2-0848283DEFA1}.Release|Any CPU.ActiveCfg = Release|Any CPU
		{3067D168-AD59-4BD3-8BF2-0848283DEFA1}.Release|Any CPU.Build.0 = Release|Any CPU
		{B7D7637B-61D9-4209-BDDF-7CD9C8ACC5AA}.Debug|Any CPU.ActiveCfg = Debug|Any CPU
		{B7D7637B-61D9-4209-BDDF-7CD9C8ACC5AA}.Debug|Any CPU.Build.0 = Debug|Any CPU
		{B7D7637B-61D9-4209-BDDF-7CD9C8ACC5AA}.Release|Any CPU.ActiveCfg = Release|Any CPU
		{B7D7637B-61D9-4209-BDDF-7CD9C8ACC5AA}.Release|Any CPU.Build.0 = Release|Any CPU
		{D48869C6-0627-408E-9B16-E2F5BDBE012C}.Debug|Any CPU.ActiveCfg = Debug|Any CPU
		{D48869C6-0627-408E-9B16-E2F5BDBE012C}.Debug|Any CPU.Build.0 = Debug|Any CPU
		{D48869C6-0627-408E-9B16-E2F5BDBE012C}.Release|Any CPU.ActiveCfg = Release|Any CPU
		{D48869C6-0627-408E-9B16-E2F5BDBE012C}.Release|Any CPU.Build.0 = Release|Any CPU
		{FC30382B-AFCD-4D3A-A7E3-1C0E86353DCE}.Debug|Any CPU.ActiveCfg = Debug|Any CPU
		{FC30382B-AFCD-4D3A-A7E3-1C0E86353DCE}.Debug|Any CPU.Build.0 = Debug|Any CPU
		{FC30382B-AFCD-4D3A-A7E3-1C0E86353DCE}.Release|Any CPU.ActiveCfg = Release|Any CPU
		{FC30382B-AFCD-4D3A-A7E3-1C0E86353DCE}.Release|Any CPU.Build.0 = Release|Any CPU
		{F98874A0-5102-4FE7-9C73-7247CE19EC48}.Debug|Any CPU.ActiveCfg = Debug|Any CPU
		{F98874A0-5102-4FE7-9C73-7247CE19EC48}.Debug|Any CPU.Build.0 = Debug|Any CPU
		{F98874A0-5102-4FE7-9C73-7247CE19EC48}.Release|Any CPU.ActiveCfg = Release|Any CPU
		{F98874A0-5102-4FE7-9C73-7247CE19EC48}.Release|Any CPU.Build.0 = Release|Any CPU
		{CDC05583-AD50-472E-80BB-DE1A5971AC17}.Debug|Any CPU.ActiveCfg = Debug|Any CPU
		{CDC05583-AD50-472E-80BB-DE1A5971AC17}.Debug|Any CPU.Build.0 = Debug|Any CPU
		{CDC05583-AD50-472E-80BB-DE1A5971AC17}.Release|Any CPU.ActiveCfg = Release|Any CPU
		{CDC05583-AD50-472E-80BB-DE1A5971AC17}.Release|Any CPU.Build.0 = Release|Any CPU
		{4AE85D5D-CF5A-486C-8146-11B4C09F45D0}.Debug|Any CPU.ActiveCfg = Debug|Any CPU
		{4AE85D5D-CF5A-486C-8146-11B4C09F45D0}.Debug|Any CPU.Build.0 = Debug|Any CPU
		{4AE85D5D-CF5A-486C-8146-11B4C09F45D0}.Release|Any CPU.ActiveCfg = Release|Any CPU
		{4AE85D5D-CF5A-486C-8146-11B4C09F45D0}.Release|Any CPU.Build.0 = Release|Any CPU
		{6C056730-3E80-4BE6-B356-CC8BE1AD957A}.Debug|Any CPU.ActiveCfg = Debug|Any CPU
		{6C056730-3E80-4BE6-B356-CC8BE1AD957A}.Debug|Any CPU.Build.0 = Debug|Any CPU
		{6C056730-3E80-4BE6-B356-CC8BE1AD957A}.Release|Any CPU.ActiveCfg = Release|Any CPU
		{6C056730-3E80-4BE6-B356-CC8BE1AD957A}.Release|Any CPU.Build.0 = Release|Any CPU
		{40A4DF04-2269-470F-A3C6-445AEEB480C4}.Debug|Any CPU.ActiveCfg = Debug|Any CPU
		{40A4DF04-2269-470F-A3C6-445AEEB480C4}.Debug|Any CPU.Build.0 = Debug|Any CPU
		{40A4DF04-2269-470F-A3C6-445AEEB480C4}.Release|Any CPU.ActiveCfg = Release|Any CPU
		{40A4DF04-2269-470F-A3C6-445AEEB480C4}.Release|Any CPU.Build.0 = Release|Any CPU
		{1EAAC3CF-48CE-409B-8956-78262E9D43A6}.Debug|Any CPU.ActiveCfg = Debug|Any CPU
		{1EAAC3CF-48CE-409B-8956-78262E9D43A6}.Debug|Any CPU.Build.0 = Debug|Any CPU
		{1EAAC3CF-48CE-409B-8956-78262E9D43A6}.Release|Any CPU.ActiveCfg = Release|Any CPU
		{1EAAC3CF-48CE-409B-8956-78262E9D43A6}.Release|Any CPU.Build.0 = Release|Any CPU
		{49E99B7E-853C-4588-913A-F8D38E68E110}.Debug|Any CPU.ActiveCfg = Debug|Any CPU
		{49E99B7E-853C-4588-913A-F8D38E68E110}.Debug|Any CPU.Build.0 = Debug|Any CPU
		{49E99B7E-853C-4588-913A-F8D38E68E110}.Release|Any CPU.ActiveCfg = Release|Any CPU
		{49E99B7E-853C-4588-913A-F8D38E68E110}.Release|Any CPU.Build.0 = Release|Any CPU
		{91A379B0-845C-4225-8B29-092EF2971187}.Debug|Any CPU.ActiveCfg = Debug|Any CPU
		{91A379B0-845C-4225-8B29-092EF2971187}.Debug|Any CPU.Build.0 = Debug|Any CPU
		{91A379B0-845C-4225-8B29-092EF2971187}.Release|Any CPU.ActiveCfg = Release|Any CPU
		{91A379B0-845C-4225-8B29-092EF2971187}.Release|Any CPU.Build.0 = Release|Any CPU
		{A4712F4C-E0F8-435C-979E-D1AD27485753}.Debug|Any CPU.ActiveCfg = Debug|Any CPU
		{A4712F4C-E0F8-435C-979E-D1AD27485753}.Debug|Any CPU.Build.0 = Debug|Any CPU
		{A4712F4C-E0F8-435C-979E-D1AD27485753}.Release|Any CPU.ActiveCfg = Release|Any CPU
		{A4712F4C-E0F8-435C-979E-D1AD27485753}.Release|Any CPU.Build.0 = Release|Any CPU
		{8E93123A-7C23-4512-9F07-33FB78814630}.Debug|Any CPU.ActiveCfg = Debug|Any CPU
		{8E93123A-7C23-4512-9F07-33FB78814630}.Debug|Any CPU.Build.0 = Debug|Any CPU
		{8E93123A-7C23-4512-9F07-33FB78814630}.Release|Any CPU.ActiveCfg = Release|Any CPU
		{8E93123A-7C23-4512-9F07-33FB78814630}.Release|Any CPU.Build.0 = Release|Any CPU
		{2E3230A7-46CF-4589-80B5-5586A76FADBB}.Debug|Any CPU.ActiveCfg = Debug|Any CPU
		{2E3230A7-46CF-4589-80B5-5586A76FADBB}.Debug|Any CPU.Build.0 = Debug|Any CPU
		{2E3230A7-46CF-4589-80B5-5586A76FADBB}.Release|Any CPU.ActiveCfg = Release|Any CPU
		{2E3230A7-46CF-4589-80B5-5586A76FADBB}.Release|Any CPU.Build.0 = Release|Any CPU
		{3E22A128-264D-4E93-A04B-2A12E4227F1E}.Debug|Any CPU.ActiveCfg = Debug|Any CPU
		{3E22A128-264D-4E93-A04B-2A12E4227F1E}.Debug|Any CPU.Build.0 = Debug|Any CPU
		{3E22A128-264D-4E93-A04B-2A12E4227F1E}.Release|Any CPU.ActiveCfg = Release|Any CPU
		{3E22A128-264D-4E93-A04B-2A12E4227F1E}.Release|Any CPU.Build.0 = Release|Any CPU
		{52B5D6F9-6128-43E2-B124-50533C621AD8}.Debug|Any CPU.ActiveCfg = Debug|Any CPU
		{52B5D6F9-6128-43E2-B124-50533C621AD8}.Debug|Any CPU.Build.0 = Debug|Any CPU
		{52B5D6F9-6128-43E2-B124-50533C621AD8}.Release|Any CPU.ActiveCfg = Release|Any CPU
		{52B5D6F9-6128-43E2-B124-50533C621AD8}.Release|Any CPU.Build.0 = Release|Any CPU
		{18E369DA-AF9F-4317-ABEE-7E8438C338FE}.Debug|Any CPU.ActiveCfg = Debug|Any CPU
		{18E369DA-AF9F-4317-ABEE-7E8438C338FE}.Debug|Any CPU.Build.0 = Debug|Any CPU
		{18E369DA-AF9F-4317-ABEE-7E8438C338FE}.Release|Any CPU.ActiveCfg = Release|Any CPU
		{18E369DA-AF9F-4317-ABEE-7E8438C338FE}.Release|Any CPU.Build.0 = Release|Any CPU
	EndGlobalSection
	GlobalSection(SolutionProperties) = preSolution
		HideSolutionNode = FALSE
	EndGlobalSection
	GlobalSection(ExtensibilityGlobals) = postSolution
		SolutionGuid = {81EE689F-63CA-405F-A01D-91DE91DB42E2}
	EndGlobalSection
EndGlobal
