
Microsoft Visual Studio Solution File, Format Version 12.00
# Visual Studio Version 17
VisualStudioVersion = 17.2.32616.157
MinimumVisualStudioVersion = 10.0.40219.1
Project("{FAE04EC0-301F-11D3-BF4B-00C04F79EFBC}") = "C-Lessons", "newProject\C-Lessons.csproj", "{D3157E2F-7F75-48CE-A71B-C08901DEDA56}"
EndProject
Project("{FAE04EC0-301F-11D3-BF4B-00C04F79EFBC}") = "Metotlar", "Metotlar\Metotlar.csproj", "{5325AC95-C428-44D5-8258-794BFE7AFB91}"
EndProject
Project("{FAE04EC0-301F-11D3-BF4B-00C04F79EFBC}") = "Siniflar", "Siniflar\Siniflar.csproj", "{08FD67CC-90D6-4EB6-9687-02C98CFA2BDF}"
EndProject
Project("{FAE04EC0-301F-11D3-BF4B-00C04F79EFBC}") = "KutuphaneProjesi", "KutuphaneProjesi\KutuphaneProjesi.csproj", "{6327CCF3-DA42-422E-ABDC-C0F2CEDEB168}"
EndProject
Global
	GlobalSection(SolutionConfigurationPlatforms) = preSolution
		Debug|Any CPU = Debug|Any CPU
		Release|Any CPU = Release|Any CPU
	EndGlobalSection
	GlobalSection(ProjectConfigurationPlatforms) = postSolution
		{D3157E2F-7F75-48CE-A71B-C08901DEDA56}.Debug|Any CPU.ActiveCfg = Debug|Any CPU
		{D3157E2F-7F75-48CE-A71B-C08901DEDA56}.Debug|Any CPU.Build.0 = Debug|Any CPU
		{D3157E2F-7F75-48CE-A71B-C08901DEDA56}.Release|Any CPU.ActiveCfg = Release|Any CPU
		{D3157E2F-7F75-48CE-A71B-C08901DEDA56}.Release|Any CPU.Build.0 = Release|Any CPU
		{5325AC95-C428-44D5-8258-794BFE7AFB91}.Debug|Any CPU.ActiveCfg = Debug|Any CPU
		{5325AC95-C428-44D5-8258-794BFE7AFB91}.Debug|Any CPU.Build.0 = Debug|Any CPU
		{5325AC95-C428-44D5-8258-794BFE7AFB91}.Release|Any CPU.ActiveCfg = Release|Any CPU
		{5325AC95-C428-44D5-8258-794BFE7AFB91}.Release|Any CPU.Build.0 = Release|Any CPU
		{08FD67CC-90D6-4EB6-9687-02C98CFA2BDF}.Debug|Any CPU.ActiveCfg = Debug|Any CPU
		{08FD67CC-90D6-4EB6-9687-02C98CFA2BDF}.Debug|Any CPU.Build.0 = Debug|Any CPU
		{08FD67CC-90D6-4EB6-9687-02C98CFA2BDF}.Release|Any CPU.ActiveCfg = Release|Any CPU
		{08FD67CC-90D6-4EB6-9687-02C98CFA2BDF}.Release|Any CPU.Build.0 = Release|Any CPU
		{6327CCF3-DA42-422E-ABDC-C0F2CEDEB168}.Debug|Any CPU.ActiveCfg = Debug|Any CPU
		{6327CCF3-DA42-422E-ABDC-C0F2CEDEB168}.Debug|Any CPU.Build.0 = Debug|Any CPU
		{6327CCF3-DA42-422E-ABDC-C0F2CEDEB168}.Release|Any CPU.ActiveCfg = Release|Any CPU
		{6327CCF3-DA42-422E-ABDC-C0F2CEDEB168}.Release|Any CPU.Build.0 = Release|Any CPU
	EndGlobalSection
	GlobalSection(SolutionProperties) = preSolution
		HideSolutionNode = FALSE
	EndGlobalSection
	GlobalSection(ExtensibilityGlobals) = postSolution
		SolutionGuid = {81EE689F-63CA-405F-A01D-91DE91DB42E2}
	EndGlobalSection
EndGlobal
