
Microsoft Visual Studio Solution File, Format Version 12.00
# Visual Studio Version 17
VisualStudioVersion = 17.2.32616.157
MinimumVisualStudioVersion = 10.0.40219.1
Project("{FAE04EC0-301F-11D3-BF4B-00C04F79EFBC}") = "C-Lessons", "newProject\C-Lessons.csproj", "{D3157E2F-7F75-48CE-A71B-C08901DEDA56}"
EndProject
Project("{FAE04EC0-301F-11D3-BF4B-00C04F79EFBC}") = "Metotlar", "Metotlar\Metotlar.csproj", "{5325AC95-C428-44D5-8258-794BFE7AFB91}"
EndProject
Project("{FAE04EC0-301F-11D3-BF4B-00C04F79EFBC}") = "Siniflar", "Siniflar\Siniflar.csproj", "{08FD67CC-90D6-4EB6-9687-02C98CFA2BDF}"
EndProject
Project("{FAE04EC0-301F-11D3-BF4B-00C04F79EFBC}") = "KutuphaneProjesi", "KutuphaneProjesi\KutuphaneProjesi.csproj", "{6327CCF3-DA42-422E-ABDC-C0F2CEDEB168}"
EndProject
Project("{FAE04EC0-301F-11D3-BF4B-00C04F79EFBC}") = "Tekrar29.09", "Tekrar29.09\Tekrar29.09.csproj", "{095F244E-1D18-4D3E-AB5C-F6C3651DD91E}"
EndProject
Project("{FAE04EC0-301F-11D3-BF4B-00C04F79EFBC}") = "SigortaProjesi", "SigortaProjesi\SigortaProjesi.csproj", "{06D76233-B6DD-477C-9434-42B427932D0F}"
EndProject
Project("{FAE04EC0-301F-11D3-BF4B-00C04F79EFBC}") = "SınıfNumarasıArrayOrnek", "SınıfNumarasıArrayOrnek\SınıfNumarasıArrayOrnek.csproj", "{D6D38E51-FFB2-49FD-9DAD-336C45583AD0}"
EndProject
Project("{FAE04EC0-301F-11D3-BF4B-00C04F79EFBC}") = "Interfaces", "Interfaces\Interfaces.csproj", "{656A946F-9095-4C6A-96B0-A9E1C3CA8E43}"
EndProject
Project("{FAE04EC0-301F-11D3-BF4B-00C04F79EFBC}") = "InterFC", "InterFC\InterFC.csproj", "{FBFF67B5-27A8-43FD-9F73-65F0F6BCE225}"
EndProject
Project("{FAE04EC0-301F-11D3-BF4B-00C04F79EFBC}") = "Kalıtım", "Kalıtım\Kalıtım.csproj", "{642169E3-BBD4-4F89-BBBB-C38C99C6F169}"
EndProject
Project("{FAE04EC0-301F-11D3-BF4B-00C04F79EFBC}") = "Soru1", "Soru1\Soru1.csproj", "{30930E8C-CA44-4A4B-9D7E-7DA37B2E22E4}"
EndProject
Project("{FAE04EC0-301F-11D3-BF4B-00C04F79EFBC}") = "Soru1.2", "Soru1.2\Soru1.2.csproj", "{D96203C1-56BD-4DDF-8FB4-4C571D99F655}"
EndProject
Project("{FAE04EC0-301F-11D3-BF4B-00C04F79EFBC}") = "Soru1.3", "Soru1.3\Soru1.3.csproj", "{3DDAA814-F528-44F9-87BE-148A5C458F40}"
EndProject
Project("{FAE04EC0-301F-11D3-BF4B-00C04F79EFBC}") = "3_10_22", "3_10_22\3_10_22.csproj", "{5FC5AAA3-9DF9-4FBC-98FC-446084370673}"
EndProject
Project("{FAE04EC0-301F-11D3-BF4B-00C04F79EFBC}") = "3_10_22_Soru2", "3_10_22_Soru2\3_10_22_Soru2.csproj", "{6863644C-1DB5-4002-A923-50B296BAD9DA}"
EndProject
Project("{FAE04EC0-301F-11D3-BF4B-00C04F79EFBC}") = "3_10_22_Soru3", "3_10_22_Soru3\3_10_22_Soru3.csproj", "{620F4CF6-39CB-4C17-A61D-DEEB8E8D074E}"
EndProject
Project("{FAE04EC0-301F-11D3-BF4B-00C04F79EFBC}") = "3_10_22_IndexOf", "3_10_22_IndexOf\3_10_22_IndexOf.csproj", "{3067D168-AD59-4BD3-8BF2-0848283DEFA1}"
EndProject
Global
	GlobalSection(SolutionConfigurationPlatforms) = preSolution
		Debug|Any CPU = Debug|Any CPU
		Release|Any CPU = Release|Any CPU
	EndGlobalSection
	GlobalSection(ProjectConfigurationPlatforms) = postSolution
		{D3157E2F-7F75-48CE-A71B-C08901DEDA56}.Debug|Any CPU.ActiveCfg = Debug|Any CPU
		{D3157E2F-7F75-48CE-A71B-C08901DEDA56}.Debug|Any CPU.Build.0 = Debug|Any CPU
		{D3157E2F-7F75-48CE-A71B-C08901DEDA56}.Release|Any CPU.ActiveCfg = Release|Any CPU
		{D3157E2F-7F75-48CE-A71B-C08901DEDA56}.Release|Any CPU.Build.0 = Release|Any CPU
		{5325AC95-C428-44D5-8258-794BFE7AFB91}.Debug|Any CPU.ActiveCfg = Debug|Any CPU
		{5325AC95-C428-44D5-8258-794BFE7AFB91}.Debug|Any CPU.Build.0 = Debug|Any CPU
		{5325AC95-C428-44D5-8258-794BFE7AFB91}.Release|Any CPU.ActiveCfg = Release|Any CPU
		{5325AC95-C428-44D5-8258-794BFE7AFB91}.Release|Any CPU.Build.0 = Release|Any CPU
		{08FD67CC-90D6-4EB6-9687-02C98CFA2BDF}.Debug|Any CPU.ActiveCfg = Debug|Any CPU
		{08FD67CC-90D6-4EB6-9687-02C98CFA2BDF}.Debug|Any CPU.Build.0 = Debug|Any CPU
		{08FD67CC-90D6-4EB6-9687-02C98CFA2BDF}.Release|Any CPU.ActiveCfg = Release|Any CPU
		{08FD67CC-90D6-4EB6-9687-02C98CFA2BDF}.Release|Any CPU.Build.0 = Release|Any CPU
		{6327CCF3-DA42-422E-ABDC-C0F2CEDEB168}.Debug|Any CPU.ActiveCfg = Debug|Any CPU
		{6327CCF3-DA42-422E-ABDC-C0F2CEDEB168}.Debug|Any CPU.Build.0 = Debug|Any CPU
		{6327CCF3-DA42-422E-ABDC-C0F2CEDEB168}.Release|Any CPU.ActiveCfg = Release|Any CPU
		{6327CCF3-DA42-422E-ABDC-C0F2CEDEB168}.Release|Any CPU.Build.0 = Release|Any CPU
		{095F244E-1D18-4D3E-AB5C-F6C3651DD91E}.Debug|Any CPU.ActiveCfg = Debug|Any CPU
		{095F244E-1D18-4D3E-AB5C-F6C3651DD91E}.Debug|Any CPU.Build.0 = Debug|Any CPU
		{095F244E-1D18-4D3E-AB5C-F6C3651DD91E}.Release|Any CPU.ActiveCfg = Release|Any CPU
		{095F244E-1D18-4D3E-AB5C-F6C3651DD91E}.Release|Any CPU.Build.0 = Release|Any CPU
		{06D76233-B6DD-477C-9434-42B427932D0F}.Debug|Any CPU.ActiveCfg = Debug|Any CPU
		{06D76233-B6DD-477C-9434-42B427932D0F}.Debug|Any CPU.Build.0 = Debug|Any CPU
		{06D76233-B6DD-477C-9434-42B427932D0F}.Release|Any CPU.ActiveCfg = Release|Any CPU
		{06D76233-B6DD-477C-9434-42B427932D0F}.Release|Any CPU.Build.0 = Release|Any CPU
		{D6D38E51-FFB2-49FD-9DAD-336C45583AD0}.Debug|Any CPU.ActiveCfg = Debug|Any CPU
		{D6D38E51-FFB2-49FD-9DAD-336C45583AD0}.Debug|Any CPU.Build.0 = Debug|Any CPU
		{D6D38E51-FFB2-49FD-9DAD-336C45583AD0}.Release|Any CPU.ActiveCfg = Release|Any CPU
		{D6D38E51-FFB2-49FD-9DAD-336C45583AD0}.Release|Any CPU.Build.0 = Release|Any CPU
		{656A946F-9095-4C6A-96B0-A9E1C3CA8E43}.Debug|Any CPU.ActiveCfg = Debug|Any CPU
		{656A946F-9095-4C6A-96B0-A9E1C3CA8E43}.Debug|Any CPU.Build.0 = Debug|Any CPU
		{656A946F-9095-4C6A-96B0-A9E1C3CA8E43}.Release|Any CPU.ActiveCfg = Release|Any CPU
		{656A946F-9095-4C6A-96B0-A9E1C3CA8E43}.Release|Any CPU.Build.0 = Release|Any CPU
		{FBFF67B5-27A8-43FD-9F73-65F0F6BCE225}.Debug|Any CPU.ActiveCfg = Debug|Any CPU
		{FBFF67B5-27A8-43FD-9F73-65F0F6BCE225}.Debug|Any CPU.Build.0 = Debug|Any CPU
		{FBFF67B5-27A8-43FD-9F73-65F0F6BCE225}.Release|Any CPU.ActiveCfg = Release|Any CPU
		{FBFF67B5-27A8-43FD-9F73-65F0F6BCE225}.Release|Any CPU.Build.0 = Release|Any CPU
		{642169E3-BBD4-4F89-BBBB-C38C99C6F169}.Debug|Any CPU.ActiveCfg = Debug|Any CPU
		{642169E3-BBD4-4F89-BBBB-C38C99C6F169}.Debug|Any CPU.Build.0 = Debug|Any CPU
		{642169E3-BBD4-4F89-BBBB-C38C99C6F169}.Release|Any CPU.ActiveCfg = Release|Any CPU
		{642169E3-BBD4-4F89-BBBB-C38C99C6F169}.Release|Any CPU.Build.0 = Release|Any CPU
		{30930E8C-CA44-4A4B-9D7E-7DA37B2E22E4}.Debug|Any CPU.ActiveCfg = Debug|Any CPU
		{30930E8C-CA44-4A4B-9D7E-7DA37B2E22E4}.Debug|Any CPU.Build.0 = Debug|Any CPU
		{30930E8C-CA44-4A4B-9D7E-7DA37B2E22E4}.Release|Any CPU.ActiveCfg = Release|Any CPU
		{30930E8C-CA44-4A4B-9D7E-7DA37B2E22E4}.Release|Any CPU.Build.0 = Release|Any CPU
		{D96203C1-56BD-4DDF-8FB4-4C571D99F655}.Debug|Any CPU.ActiveCfg = Debug|Any CPU
		{D96203C1-56BD-4DDF-8FB4-4C571D99F655}.Debug|Any CPU.Build.0 = Debug|Any CPU
		{D96203C1-56BD-4DDF-8FB4-4C571D99F655}.Release|Any CPU.ActiveCfg = Release|Any CPU
		{D96203C1-56BD-4DDF-8FB4-4C571D99F655}.Release|Any CPU.Build.0 = Release|Any CPU
		{3DDAA814-F528-44F9-87BE-148A5C458F40}.Debug|Any CPU.ActiveCfg = Debug|Any CPU
		{3DDAA814-F528-44F9-87BE-148A5C458F40}.Debug|Any CPU.Build.0 = Debug|Any CPU
		{3DDAA814-F528-44F9-87BE-148A5C458F40}.Release|Any CPU.ActiveCfg = Release|Any CPU
		{3DDAA814-F528-44F9-87BE-148A5C458F40}.Release|Any CPU.Build.0 = Release|Any CPU
		{5FC5AAA3-9DF9-4FBC-98FC-446084370673}.Debug|Any CPU.ActiveCfg = Debug|Any CPU
		{5FC5AAA3-9DF9-4FBC-98FC-446084370673}.Debug|Any CPU.Build.0 = Debug|Any CPU
		{5FC5AAA3-9DF9-4FBC-98FC-446084370673}.Release|Any CPU.ActiveCfg = Release|Any CPU
		{5FC5AAA3-9DF9-4FBC-98FC-446084370673}.Release|Any CPU.Build.0 = Release|Any CPU
		{6863644C-1DB5-4002-A923-50B296BAD9DA}.Debug|Any CPU.ActiveCfg = Debug|Any CPU
		{6863644C-1DB5-4002-A923-50B296BAD9DA}.Debug|Any CPU.Build.0 = Debug|Any CPU
		{6863644C-1DB5-4002-A923-50B296BAD9DA}.Release|Any CPU.ActiveCfg = Release|Any CPU
		{6863644C-1DB5-4002-A923-50B296BAD9DA}.Release|Any CPU.Build.0 = Release|Any CPU
		{620F4CF6-39CB-4C17-A61D-DEEB8E8D074E}.Debug|Any CPU.ActiveCfg = Debug|Any CPU
		{620F4CF6-39CB-4C17-A61D-DEEB8E8D074E}.Debug|Any CPU.Build.0 = Debug|Any CPU
		{620F4CF6-39CB-4C17-A61D-DEEB8E8D074E}.Release|Any CPU.ActiveCfg = Release|Any CPU
		{620F4CF6-39CB-4C17-A61D-DEEB8E8D074E}.Release|Any CPU.Build.0 = Release|Any CPU
		{3067D168-AD59-4BD3-8BF2-0848283DEFA1}.Debug|Any CPU.ActiveCfg = Debug|Any CPU
		{3067D168-AD59-4BD3-8BF2-0848283DEFA1}.Debug|Any CPU.Build.0 = Debug|Any CPU
		{3067D168-AD59-4BD3-8BF2-0848283DEFA1}.Release|Any CPU.ActiveCfg = Release|Any CPU
		{3067D168-AD59-4BD3-8BF2-0848283DEFA1}.Release|Any CPU.Build.0 = Release|Any CPU
	EndGlobalSection
	GlobalSection(SolutionProperties) = preSolution
		HideSolutionNode = FALSE
	EndGlobalSection
	GlobalSection(ExtensibilityGlobals) = postSolution
		SolutionGuid = {81EE689F-63CA-405F-A01D-91DE91DB42E2}
	EndGlobalSection
EndGlobal
